{
  "object": {
    "pins": [
      {
        "package": "HeapBuffer",
        "repositoryURL": "https://github.com/vale-cocoa/HeapBuffer.git",
        "state": {
          "branch": null,
          "revision": "55b1d2704c89951dfde02d248b38ea6a615eddc4",
          "version": "1.0.7"
        }
      },
      {
        "package": "Queue",
        "repositoryURL": "https://github.com/vale-cocoa/Queue.git",
        "state": {
          "branch": null,
          "revision": "588e4087a2f3c866e97d46fe8f4cb5f9deb9b721",
          "version": "1.0.2"
        }
      }
    ]
  },
  "version": 1
}
